
Microsoft Visual Studio Solution File, Format Version 12.00
# Visual Studio 15
VisualStudioVersion = 15.0.27004.2009
MinimumVisualStudioVersion = 10.0.40219.1
Project("{D954291E-2A0B-460D-934E-DC6B0785DB48}") = "SimpleCalculator", "SimpleCalculator\SimpleCalculator\SimpleCalculator.shproj", "{5945D418-94D5-4542-9CD7-8273C14D5068}"
EndProject
Project("{FAE04EC0-301F-11D3-BF4B-00C04F79EFBC}") = "SimpleCalculator.Android", "SimpleCalculator\SimpleCalculator.Android\SimpleCalculator.Android.csproj", "{CE7EF9C8-3B72-4E58-B771-9AA52189C89A}"
EndProject
Project("{FAE04EC0-301F-11D3-BF4B-00C04F79EFBC}") = "SimpleCalculator.iOS", "SimpleCalculator\SimpleCalculator.iOS\SimpleCalculator.iOS.csproj", "{B1FBFABD-08E6-4EC9-8A6D-2215608D6839}"
EndProject
Project("{FAE04EC0-301F-11D3-BF4B-00C04F79EFBC}") = "SimpleCalculator.UWP", "SimpleCalculator\SimpleCalculator.UWP\SimpleCalculator.UWP.csproj", "{8E7EE165-A5F0-4BBE-A8AD-231D1F0BF491}"
EndProject
Project("{2150E333-8FDC-42A3-9474-1A3956D46DE8}") = "Test", "Test", "{86C5248F-68E5-464F-9EBF-9A1A80D3E2F4}"
EndProject
Project("{FAE04EC0-301F-11D3-BF4B-00C04F79EFBC}") = "SimpleCalculator.UITest", "SimpleCalculator.UITest\SimpleCalculator.UITest.csproj", "{E4C83C77-367C-4544-885E-F8F6F93379D7}"
EndProject
Project("{FAE04EC0-301F-11D3-BF4B-00C04F79EFBC}") = "SimpleCalculator.UnitTest", "SimpleCalculator.UnitTest\SimpleCalculator.UnitTest.csproj", "{7E5DF519-59AD-41C3-AE84-6F7755CE9D0D}"
EndProject
Global
	GlobalSection(SharedMSBuildProjectFiles) = preSolution
		SimpleCalculator\SimpleCalculator\SimpleCalculator.projitems*{5945d418-94d5-4542-9cd7-8273c14d5068}*SharedItemsImports = 13
		SimpleCalculator\SimpleCalculator\SimpleCalculator.projitems*{8e7ee165-a5f0-4bbe-a8ad-231d1f0bf491}*SharedItemsImports = 4
		SimpleCalculator\SimpleCalculator\SimpleCalculator.projitems*{b1fbfabd-08e6-4ec9-8a6d-2215608d6839}*SharedItemsImports = 4
		SimpleCalculator\SimpleCalculator\SimpleCalculator.projitems*{ce7ef9c8-3b72-4e58-b771-9aa52189c89a}*SharedItemsImports = 4
	EndGlobalSection
	GlobalSection(SolutionConfigurationPlatforms) = preSolution
		Ad-Hoc|Any CPU = Ad-Hoc|Any CPU
		Ad-Hoc|ARM = Ad-Hoc|ARM
		Ad-Hoc|iPhone = Ad-Hoc|iPhone
		Ad-Hoc|iPhoneSimulator = Ad-Hoc|iPhoneSimulator
		Ad-Hoc|x64 = Ad-Hoc|x64
		Ad-Hoc|x86 = Ad-Hoc|x86
		AppStore|Any CPU = AppStore|Any CPU
		AppStore|ARM = AppStore|ARM
		AppStore|iPhone = AppStore|iPhone
		AppStore|iPhoneSimulator = AppStore|iPhoneSimulator
		AppStore|x64 = AppStore|x64
		AppStore|x86 = AppStore|x86
		Debug|Any CPU = Debug|Any CPU
		Debug|ARM = Debug|ARM
		Debug|iPhone = Debug|iPhone
		Debug|iPhoneSimulator = Debug|iPhoneSimulator
		Debug|x64 = Debug|x64
		Debug|x86 = Debug|x86
		Release|Any CPU = Release|Any CPU
		Release|ARM = Release|ARM
		Release|iPhone = Release|iPhone
		Release|iPhoneSimulator = Release|iPhoneSimulator
		Release|x64 = Release|x64
		Release|x86 = Release|x86
	EndGlobalSection
	GlobalSection(ProjectConfigurationPlatforms) = postSolution
		{CE7EF9C8-3B72-4E58-B771-9AA52189C89A}.Ad-Hoc|Any CPU.ActiveCfg = Release|Any CPU
		{CE7EF9C8-3B72-4E58-B771-9AA52189C89A}.Ad-Hoc|Any CPU.Build.0 = Release|Any CPU
		{CE7EF9C8-3B72-4E58-B771-9AA52189C89A}.Ad-Hoc|Any CPU.Deploy.0 = Release|Any CPU
		{CE7EF9C8-3B72-4E58-B771-9AA52189C89A}.Ad-Hoc|ARM.ActiveCfg = Release|Any CPU
		{CE7EF9C8-3B72-4E58-B771-9AA52189C89A}.Ad-Hoc|ARM.Build.0 = Release|Any CPU
		{CE7EF9C8-3B72-4E58-B771-9AA52189C89A}.Ad-Hoc|ARM.Deploy.0 = Release|Any CPU
		{CE7EF9C8-3B72-4E58-B771-9AA52189C89A}.Ad-Hoc|iPhone.ActiveCfg = Release|Any CPU
		{CE7EF9C8-3B72-4E58-B771-9AA52189C89A}.Ad-Hoc|iPhone.Build.0 = Release|Any CPU
		{CE7EF9C8-3B72-4E58-B771-9AA52189C89A}.Ad-Hoc|iPhone.Deploy.0 = Release|Any CPU
		{CE7EF9C8-3B72-4E58-B771-9AA52189C89A}.Ad-Hoc|iPhoneSimulator.ActiveCfg = Release|Any CPU
		{CE7EF9C8-3B72-4E58-B771-9AA52189C89A}.Ad-Hoc|iPhoneSimulator.Build.0 = Release|Any CPU
		{CE7EF9C8-3B72-4E58-B771-9AA52189C89A}.Ad-Hoc|iPhoneSimulator.Deploy.0 = Release|Any CPU
		{CE7EF9C8-3B72-4E58-B771-9AA52189C89A}.Ad-Hoc|x64.ActiveCfg = Release|Any CPU
		{CE7EF9C8-3B72-4E58-B771-9AA52189C89A}.Ad-Hoc|x64.Build.0 = Release|Any CPU
		{CE7EF9C8-3B72-4E58-B771-9AA52189C89A}.Ad-Hoc|x64.Deploy.0 = Release|Any CPU
		{CE7EF9C8-3B72-4E58-B771-9AA52189C89A}.Ad-Hoc|x86.ActiveCfg = Release|Any CPU
		{CE7EF9C8-3B72-4E58-B771-9AA52189C89A}.Ad-Hoc|x86.Build.0 = Release|Any CPU
		{CE7EF9C8-3B72-4E58-B771-9AA52189C89A}.Ad-Hoc|x86.Deploy.0 = Release|Any CPU
		{CE7EF9C8-3B72-4E58-B771-9AA52189C89A}.AppStore|Any CPU.ActiveCfg = Release|Any CPU
		{CE7EF9C8-3B72-4E58-B771-9AA52189C89A}.AppStore|Any CPU.Build.0 = Release|Any CPU
		{CE7EF9C8-3B72-4E58-B771-9AA52189C89A}.AppStore|Any CPU.Deploy.0 = Release|Any CPU
		{CE7EF9C8-3B72-4E58-B771-9AA52189C89A}.AppStore|ARM.ActiveCfg = Release|Any CPU
		{CE7EF9C8-3B72-4E58-B771-9AA52189C89A}.AppStore|ARM.Build.0 = Release|Any CPU
		{CE7EF9C8-3B72-4E58-B771-9AA52189C89A}.AppStore|ARM.Deploy.0 = Release|Any CPU
		{CE7EF9C8-3B72-4E58-B771-9AA52189C89A}.AppStore|iPhone.ActiveCfg = Release|Any CPU
		{CE7EF9C8-3B72-4E58-B771-9AA52189C89A}.AppStore|iPhone.Build.0 = Release|Any CPU
		{CE7EF9C8-3B72-4E58-B771-9AA52189C89A}.AppStore|iPhone.Deploy.0 = Release|Any CPU
		{CE7EF9C8-3B72-4E58-B771-9AA52189C89A}.AppStore|iPhoneSimulator.ActiveCfg = Release|Any CPU
		{CE7EF9C8-3B72-4E58-B771-9AA52189C89A}.AppStore|iPhoneSimulator.Build.0 = Release|Any CPU
		{CE7EF9C8-3B72-4E58-B771-9AA52189C89A}.AppStore|iPhoneSimulator.Deploy.0 = Release|Any CPU
		{CE7EF9C8-3B72-4E58-B771-9AA52189C89A}.AppStore|x64.ActiveCfg = Release|Any CPU
		{CE7EF9C8-3B72-4E58-B771-9AA52189C89A}.AppStore|x64.Build.0 = Release|Any CPU
		{CE7EF9C8-3B72-4E58-B771-9AA52189C89A}.AppStore|x64.Deploy.0 = Release|Any CPU
		{CE7EF9C8-3B72-4E58-B771-9AA52189C89A}.AppStore|x86.ActiveCfg = Release|Any CPU
		{CE7EF9C8-3B72-4E58-B771-9AA52189C89A}.AppStore|x86.Build.0 = Release|Any CPU
		{CE7EF9C8-3B72-4E58-B771-9AA52189C89A}.AppStore|x86.Deploy.0 = Release|Any CPU
		{CE7EF9C8-3B72-4E58-B771-9AA52189C89A}.Debug|Any CPU.ActiveCfg = Debug|Any CPU
		{CE7EF9C8-3B72-4E58-B771-9AA52189C89A}.Debug|Any CPU.Build.0 = Debug|Any CPU
		{CE7EF9C8-3B72-4E58-B771-9AA52189C89A}.Debug|Any CPU.Deploy.0 = Debug|Any CPU
		{CE7EF9C8-3B72-4E58-B771-9AA52189C89A}.Debug|ARM.ActiveCfg = Debug|Any CPU
		{CE7EF9C8-3B72-4E58-B771-9AA52189C89A}.Debug|ARM.Build.0 = Debug|Any CPU
		{CE7EF9C8-3B72-4E58-B771-9AA52189C89A}.Debug|ARM.Deploy.0 = Debug|Any CPU
		{CE7EF9C8-3B72-4E58-B771-9AA52189C89A}.Debug|iPhone.ActiveCfg = Debug|Any CPU
		{CE7EF9C8-3B72-4E58-B771-9AA52189C89A}.Debug|iPhone.Build.0 = Debug|Any CPU
		{CE7EF9C8-3B72-4E58-B771-9AA52189C89A}.Debug|iPhone.Deploy.0 = Debug|Any CPU
		{CE7EF9C8-3B72-4E58-B771-9AA52189C89A}.Debug|iPhoneSimulator.ActiveCfg = Debug|Any CPU
		{CE7EF9C8-3B72-4E58-B771-9AA52189C89A}.Debug|iPhoneSimulator.Build.0 = Debug|Any CPU
		{CE7EF9C8-3B72-4E58-B771-9AA52189C89A}.Debug|iPhoneSimulator.Deploy.0 = Debug|Any CPU
		{CE7EF9C8-3B72-4E58-B771-9AA52189C89A}.Debug|x64.ActiveCfg = Debug|Any CPU
		{CE7EF9C8-3B72-4E58-B771-9AA52189C89A}.Debug|x64.Build.0 = Debug|Any CPU
		{CE7EF9C8-3B72-4E58-B771-9AA52189C89A}.Debug|x64.Deploy.0 = Debug|Any CPU
		{CE7EF9C8-3B72-4E58-B771-9AA52189C89A}.Debug|x86.ActiveCfg = Debug|Any CPU
		{CE7EF9C8-3B72-4E58-B771-9AA52189C89A}.Debug|x86.Build.0 = Debug|Any CPU
		{CE7EF9C8-3B72-4E58-B771-9AA52189C89A}.Debug|x86.Deploy.0 = Debug|Any CPU
		{CE7EF9C8-3B72-4E58-B771-9AA52189C89A}.Release|Any CPU.ActiveCfg = Release|Any CPU
		{CE7EF9C8-3B72-4E58-B771-9AA52189C89A}.Release|Any CPU.Build.0 = Release|Any CPU
		{CE7EF9C8-3B72-4E58-B771-9AA52189C89A}.Release|Any CPU.Deploy.0 = Release|Any CPU
		{CE7EF9C8-3B72-4E58-B771-9AA52189C89A}.Release|ARM.ActiveCfg = Release|Any CPU
		{CE7EF9C8-3B72-4E58-B771-9AA52189C89A}.Release|ARM.Build.0 = Release|Any CPU
		{CE7EF9C8-3B72-4E58-B771-9AA52189C89A}.Release|ARM.Deploy.0 = Release|Any CPU
		{CE7EF9C8-3B72-4E58-B771-9AA52189C89A}.Release|iPhone.ActiveCfg = Release|Any CPU
		{CE7EF9C8-3B72-4E58-B771-9AA52189C89A}.Release|iPhone.Build.0 = Release|Any CPU
		{CE7EF9C8-3B72-4E58-B771-9AA52189C89A}.Release|iPhone.Deploy.0 = Release|Any CPU
		{CE7EF9C8-3B72-4E58-B771-9AA52189C89A}.Release|iPhoneSimulator.ActiveCfg = Release|Any CPU
		{CE7EF9C8-3B72-4E58-B771-9AA52189C89A}.Release|iPhoneSimulator.Build.0 = Release|Any CPU
		{CE7EF9C8-3B72-4E58-B771-9AA52189C89A}.Release|iPhoneSimulator.Deploy.0 = Release|Any CPU
		{CE7EF9C8-3B72-4E58-B771-9AA52189C89A}.Release|x64.ActiveCfg = Release|Any CPU
		{CE7EF9C8-3B72-4E58-B771-9AA52189C89A}.Release|x64.Build.0 = Release|Any CPU
		{CE7EF9C8-3B72-4E58-B771-9AA52189C89A}.Release|x64.Deploy.0 = Release|Any CPU
		{CE7EF9C8-3B72-4E58-B771-9AA52189C89A}.Release|x86.ActiveCfg = Release|Any CPU
		{CE7EF9C8-3B72-4E58-B771-9AA52189C89A}.Release|x86.Build.0 = Release|Any CPU
		{CE7EF9C8-3B72-4E58-B771-9AA52189C89A}.Release|x86.Deploy.0 = Release|Any CPU
		{B1FBFABD-08E6-4EC9-8A6D-2215608D6839}.Ad-Hoc|Any CPU.ActiveCfg = Ad-Hoc|iPhoneSimulator
		{B1FBFABD-08E6-4EC9-8A6D-2215608D6839}.Ad-Hoc|ARM.ActiveCfg = Ad-Hoc|iPhone
		{B1FBFABD-08E6-4EC9-8A6D-2215608D6839}.Ad-Hoc|iPhone.ActiveCfg = Ad-Hoc|iPhone
		{B1FBFABD-08E6-4EC9-8A6D-2215608D6839}.Ad-Hoc|iPhone.Build.0 = Ad-Hoc|iPhone
		{B1FBFABD-08E6-4EC9-8A6D-2215608D6839}.Ad-Hoc|iPhoneSimulator.ActiveCfg = Ad-Hoc|iPhoneSimulator
		{B1FBFABD-08E6-4EC9-8A6D-2215608D6839}.Ad-Hoc|iPhoneSimulator.Build.0 = Ad-Hoc|iPhoneSimulator
		{B1FBFABD-08E6-4EC9-8A6D-2215608D6839}.Ad-Hoc|x64.ActiveCfg = Ad-Hoc|iPhone
		{B1FBFABD-08E6-4EC9-8A6D-2215608D6839}.Ad-Hoc|x86.ActiveCfg = Ad-Hoc|iPhone
		{B1FBFABD-08E6-4EC9-8A6D-2215608D6839}.AppStore|Any CPU.ActiveCfg = AppStore|iPhoneSimulator
		{B1FBFABD-08E6-4EC9-8A6D-2215608D6839}.AppStore|ARM.ActiveCfg = AppStore|iPhone
		{B1FBFABD-08E6-4EC9-8A6D-2215608D6839}.AppStore|iPhone.ActiveCfg = AppStore|iPhone
		{B1FBFABD-08E6-4EC9-8A6D-2215608D6839}.AppStore|iPhone.Build.0 = AppStore|iPhone
		{B1FBFABD-08E6-4EC9-8A6D-2215608D6839}.AppStore|iPhoneSimulator.ActiveCfg = AppStore|iPhoneSimulator
		{B1FBFABD-08E6-4EC9-8A6D-2215608D6839}.AppStore|iPhoneSimulator.Build.0 = AppStore|iPhoneSimulator
		{B1FBFABD-08E6-4EC9-8A6D-2215608D6839}.AppStore|x64.ActiveCfg = AppStore|iPhone
		{B1FBFABD-08E6-4EC9-8A6D-2215608D6839}.AppStore|x86.ActiveCfg = AppStore|iPhone
		{B1FBFABD-08E6-4EC9-8A6D-2215608D6839}.Debug|Any CPU.ActiveCfg = Debug|iPhoneSimulator
		{B1FBFABD-08E6-4EC9-8A6D-2215608D6839}.Debug|ARM.ActiveCfg = Debug|iPhone
		{B1FBFABD-08E6-4EC9-8A6D-2215608D6839}.Debug|iPhone.ActiveCfg = Debug|iPhone
		{B1FBFABD-08E6-4EC9-8A6D-2215608D6839}.Debug|iPhone.Build.0 = Debug|iPhone
		{B1FBFABD-08E6-4EC9-8A6D-2215608D6839}.Debug|iPhoneSimulator.ActiveCfg = Debug|iPhoneSimulator
		{B1FBFABD-08E6-4EC9-8A6D-2215608D6839}.Debug|iPhoneSimulator.Build.0 = Debug|iPhoneSimulator
		{B1FBFABD-08E6-4EC9-8A6D-2215608D6839}.Debug|x64.ActiveCfg = Debug|iPhone
		{B1FBFABD-08E6-4EC9-8A6D-2215608D6839}.Debug|x86.ActiveCfg = Debug|iPhone
		{B1FBFABD-08E6-4EC9-8A6D-2215608D6839}.Release|Any CPU.ActiveCfg = Release|iPhoneSimulator
		{B1FBFABD-08E6-4EC9-8A6D-2215608D6839}.Release|ARM.ActiveCfg = Release|iPhone
		{B1FBFABD-08E6-4EC9-8A6D-2215608D6839}.Release|iPhone.ActiveCfg = Release|iPhone
		{B1FBFABD-08E6-4EC9-8A6D-2215608D6839}.Release|iPhone.Build.0 = Release|iPhone
		{B1FBFABD-08E6-4EC9-8A6D-2215608D6839}.Release|iPhoneSimulator.ActiveCfg = Release|iPhoneSimulator
		{B1FBFABD-08E6-4EC9-8A6D-2215608D6839}.Release|iPhoneSimulator.Build.0 = Release|iPhoneSimulator
		{B1FBFABD-08E6-4EC9-8A6D-2215608D6839}.Release|x64.ActiveCfg = Release|iPhone
		{B1FBFABD-08E6-4EC9-8A6D-2215608D6839}.Release|x86.ActiveCfg = Release|iPhone
		{8E7EE165-A5F0-4BBE-A8AD-231D1F0BF491}.Ad-Hoc|Any CPU.ActiveCfg = Release|x86
		{8E7EE165-A5F0-4BBE-A8AD-231D1F0BF491}.Ad-Hoc|Any CPU.Build.0 = Release|x86
		{8E7EE165-A5F0-4BBE-A8AD-231D1F0BF491}.Ad-Hoc|Any CPU.Deploy.0 = Release|x86
		{8E7EE165-A5F0-4BBE-A8AD-231D1F0BF491}.Ad-Hoc|ARM.ActiveCfg = Release|ARM
		{8E7EE165-A5F0-4BBE-A8AD-231D1F0BF491}.Ad-Hoc|ARM.Build.0 = Release|ARM
		{8E7EE165-A5F0-4BBE-A8AD-231D1F0BF491}.Ad-Hoc|ARM.Deploy.0 = Release|ARM
		{8E7EE165-A5F0-4BBE-A8AD-231D1F0BF491}.Ad-Hoc|iPhone.ActiveCfg = Release|x86
		{8E7EE165-A5F0-4BBE-A8AD-231D1F0BF491}.Ad-Hoc|iPhone.Build.0 = Release|x86
		{8E7EE165-A5F0-4BBE-A8AD-231D1F0BF491}.Ad-Hoc|iPhone.Deploy.0 = Release|x86
		{8E7EE165-A5F0-4BBE-A8AD-231D1F0BF491}.Ad-Hoc|iPhoneSimulator.ActiveCfg = Release|x86
		{8E7EE165-A5F0-4BBE-A8AD-231D1F0BF491}.Ad-Hoc|iPhoneSimulator.Build.0 = Release|x86
		{8E7EE165-A5F0-4BBE-A8AD-231D1F0BF491}.Ad-Hoc|iPhoneSimulator.Deploy.0 = Release|x86
		{8E7EE165-A5F0-4BBE-A8AD-231D1F0BF491}.Ad-Hoc|x64.ActiveCfg = Release|x64
		{8E7EE165-A5F0-4BBE-A8AD-231D1F0BF491}.Ad-Hoc|x64.Build.0 = Release|x64
		{8E7EE165-A5F0-4BBE-A8AD-231D1F0BF491}.Ad-Hoc|x64.Deploy.0 = Release|x64
		{8E7EE165-A5F0-4BBE-A8AD-231D1F0BF491}.Ad-Hoc|x86.ActiveCfg = Release|x86
		{8E7EE165-A5F0-4BBE-A8AD-231D1F0BF491}.Ad-Hoc|x86.Build.0 = Release|x86
		{8E7EE165-A5F0-4BBE-A8AD-231D1F0BF491}.Ad-Hoc|x86.Deploy.0 = Release|x86
		{8E7EE165-A5F0-4BBE-A8AD-231D1F0BF491}.AppStore|Any CPU.ActiveCfg = Release|x86
		{8E7EE165-A5F0-4BBE-A8AD-231D1F0BF491}.AppStore|Any CPU.Build.0 = Release|x86
		{8E7EE165-A5F0-4BBE-A8AD-231D1F0BF491}.AppStore|Any CPU.Deploy.0 = Release|x86
		{8E7EE165-A5F0-4BBE-A8AD-231D1F0BF491}.AppStore|ARM.ActiveCfg = Release|ARM
		{8E7EE165-A5F0-4BBE-A8AD-231D1F0BF491}.AppStore|ARM.Build.0 = Release|ARM
		{8E7EE165-A5F0-4BBE-A8AD-231D1F0BF491}.AppStore|ARM.Deploy.0 = Release|ARM
		{8E7EE165-A5F0-4BBE-A8AD-231D1F0BF491}.AppStore|iPhone.ActiveCfg = Release|x86
		{8E7EE165-A5F0-4BBE-A8AD-231D1F0BF491}.AppStore|iPhone.Build.0 = Release|x86
		{8E7EE165-A5F0-4BBE-A8AD-231D1F0BF491}.AppStore|iPhone.Deploy.0 = Release|x86
		{8E7EE165-A5F0-4BBE-A8AD-231D1F0BF491}.AppStore|iPhoneSimulator.ActiveCfg = Release|x86
		{8E7EE165-A5F0-4BBE-A8AD-231D1F0BF491}.AppStore|iPhoneSimulator.Build.0 = Release|x86
		{8E7EE165-A5F0-4BBE-A8AD-231D1F0BF491}.AppStore|iPhoneSimulator.Deploy.0 = Release|x86
		{8E7EE165-A5F0-4BBE-A8AD-231D1F0BF491}.AppStore|x64.ActiveCfg = Release|x64
		{8E7EE165-A5F0-4BBE-A8AD-231D1F0BF491}.AppStore|x64.Build.0 = Release|x64
		{8E7EE165-A5F0-4BBE-A8AD-231D1F0BF491}.AppStore|x64.Deploy.0 = Release|x64
		{8E7EE165-A5F0-4BBE-A8AD-231D1F0BF491}.AppStore|x86.ActiveCfg = Release|x86
		{8E7EE165-A5F0-4BBE-A8AD-231D1F0BF491}.AppStore|x86.Build.0 = Release|x86
		{8E7EE165-A5F0-4BBE-A8AD-231D1F0BF491}.AppStore|x86.Deploy.0 = Release|x86
		{8E7EE165-A5F0-4BBE-A8AD-231D1F0BF491}.Debug|Any CPU.ActiveCfg = Debug|x86
		{8E7EE165-A5F0-4BBE-A8AD-231D1F0BF491}.Debug|ARM.ActiveCfg = Debug|ARM
		{8E7EE165-A5F0-4BBE-A8AD-231D1F0BF491}.Debug|ARM.Build.0 = Debug|ARM
		{8E7EE165-A5F0-4BBE-A8AD-231D1F0BF491}.Debug|ARM.Deploy.0 = Debug|ARM
		{8E7EE165-A5F0-4BBE-A8AD-231D1F0BF491}.Debug|iPhone.ActiveCfg = Debug|x86
		{8E7EE165-A5F0-4BBE-A8AD-231D1F0BF491}.Debug|iPhoneSimulator.ActiveCfg = Debug|x86
		{8E7EE165-A5F0-4BBE-A8AD-231D1F0BF491}.Debug|x64.ActiveCfg = Debug|x64
		{8E7EE165-A5F0-4BBE-A8AD-231D1F0BF491}.Debug|x64.Build.0 = Debug|x64
		{8E7EE165-A5F0-4BBE-A8AD-231D1F0BF491}.Debug|x64.Deploy.0 = Debug|x64
		{8E7EE165-A5F0-4BBE-A8AD-231D1F0BF491}.Debug|x86.ActiveCfg = Debug|x86
		{8E7EE165-A5F0-4BBE-A8AD-231D1F0BF491}.Debug|x86.Build.0 = Debug|x86
		{8E7EE165-A5F0-4BBE-A8AD-231D1F0BF491}.Debug|x86.Deploy.0 = Debug|x86
		{8E7EE165-A5F0-4BBE-A8AD-231D1F0BF491}.Release|Any CPU.ActiveCfg = Release|x86
		{8E7EE165-A5F0-4BBE-A8AD-231D1F0BF491}.Release|ARM.ActiveCfg = Release|ARM
		{8E7EE165-A5F0-4BBE-A8AD-231D1F0BF491}.Release|ARM.Build.0 = Release|ARM
		{8E7EE165-A5F0-4BBE-A8AD-231D1F0BF491}.Release|ARM.Deploy.0 = Release|ARM
		{8E7EE165-A5F0-4BBE-A8AD-231D1F0BF491}.Release|iPhone.ActiveCfg = Release|x86
		{8E7EE165-A5F0-4BBE-A8AD-231D1F0BF491}.Release|iPhoneSimulator.ActiveCfg = Release|x86
		{8E7EE165-A5F0-4BBE-A8AD-231D1F0BF491}.Release|x64.ActiveCfg = Release|x64
		{8E7EE165-A5F0-4BBE-A8AD-231D1F0BF491}.Release|x64.Build.0 = Release|x64
		{8E7EE165-A5F0-4BBE-A8AD-231D1F0BF491}.Release|x64.Deploy.0 = Release|x64
		{8E7EE165-A5F0-4BBE-A8AD-231D1F0BF491}.Release|x86.ActiveCfg = Release|x86
		{8E7EE165-A5F0-4BBE-A8AD-231D1F0BF491}.Release|x86.Build.0 = Release|x86
		{8E7EE165-A5F0-4BBE-A8AD-231D1F0BF491}.Release|x86.Deploy.0 = Release|x86
		{E4C83C77-367C-4544-885E-F8F6F93379D7}.Ad-Hoc|Any CPU.ActiveCfg = Release|Any CPU
		{E4C83C77-367C-4544-885E-F8F6F93379D7}.Ad-Hoc|Any CPU.Build.0 = Release|Any CPU
		{E4C83C77-367C-4544-885E-F8F6F93379D7}.Ad-Hoc|ARM.ActiveCfg = Release|Any CPU
		{E4C83C77-367C-4544-885E-F8F6F93379D7}.Ad-Hoc|ARM.Build.0 = Release|Any CPU
		{E4C83C77-367C-4544-885E-F8F6F93379D7}.Ad-Hoc|iPhone.ActiveCfg = Release|Any CPU
		{E4C83C77-367C-4544-885E-F8F6F93379D7}.Ad-Hoc|iPhone.Build.0 = Release|Any CPU
		{E4C83C77-367C-4544-885E-F8F6F93379D7}.Ad-Hoc|iPhoneSimulator.ActiveCfg = Release|Any CPU
		{E4C83C77-367C-4544-885E-F8F6F93379D7}.Ad-Hoc|iPhoneSimulator.Build.0 = Release|Any CPU
		{E4C83C77-367C-4544-885E-F8F6F93379D7}.Ad-Hoc|x64.ActiveCfg = Release|Any CPU
		{E4C83C77-367C-4544-885E-F8F6F93379D7}.Ad-Hoc|x64.Build.0 = Release|Any CPU
		{E4C83C77-367C-4544-885E-F8F6F93379D7}.Ad-Hoc|x86.ActiveCfg = Release|Any CPU
		{E4C83C77-367C-4544-885E-F8F6F93379D7}.Ad-Hoc|x86.Build.0 = Release|Any CPU
		{E4C83C77-367C-4544-885E-F8F6F93379D7}.AppStore|Any CPU.ActiveCfg = Release|Any CPU
		{E4C83C77-367C-4544-885E-F8F6F93379D7}.AppStore|Any CPU.Build.0 = Release|Any CPU
		{E4C83C77-367C-4544-885E-F8F6F93379D7}.AppStore|ARM.ActiveCfg = Release|Any CPU
		{E4C83C77-367C-4544-885E-F8F6F93379D7}.AppStore|ARM.Build.0 = Release|Any CPU
		{E4C83C77-367C-4544-885E-F8F6F93379D7}.AppStore|iPhone.ActiveCfg = Release|Any CPU
		{E4C83C77-367C-4544-885E-F8F6F93379D7}.AppStore|iPhone.Build.0 = Release|Any CPU
		{E4C83C77-367C-4544-885E-F8F6F93379D7}.AppStore|iPhoneSimulator.ActiveCfg = Release|Any CPU
		{E4C83C77-367C-4544-885E-F8F6F93379D7}.AppStore|iPhoneSimulator.Build.0 = Release|Any CPU
		{E4C83C77-367C-4544-885E-F8F6F93379D7}.AppStore|x64.ActiveCfg = Release|Any CPU
		{E4C83C77-367C-4544-885E-F8F6F93379D7}.AppStore|x64.Build.0 = Release|Any CPU
		{E4C83C77-367C-4544-885E-F8F6F93379D7}.AppStore|x86.ActiveCfg = Release|Any CPU
		{E4C83C77-367C-4544-885E-F8F6F93379D7}.AppStore|x86.Build.0 = Release|Any CPU
		{E4C83C77-367C-4544-885E-F8F6F93379D7}.Debug|Any CPU.ActiveCfg = Debug|Any CPU
		{E4C83C77-367C-4544-885E-F8F6F93379D7}.Debug|Any CPU.Build.0 = Debug|Any CPU
		{E4C83C77-367C-4544-885E-F8F6F93379D7}.Debug|ARM.ActiveCfg = Debug|Any CPU
		{E4C83C77-367C-4544-885E-F8F6F93379D7}.Debug|ARM.Build.0 = Debug|Any CPU
		{E4C83C77-367C-4544-885E-F8F6F93379D7}.Debug|iPhone.ActiveCfg = Debug|Any CPU
		{E4C83C77-367C-4544-885E-F8F6F93379D7}.Debug|iPhone.Build.0 = Debug|Any CPU
		{E4C83C77-367C-4544-885E-F8F6F93379D7}.Debug|iPhoneSimulator.ActiveCfg = Debug|Any CPU
		{E4C83C77-367C-4544-885E-F8F6F93379D7}.Debug|iPhoneSimulator.Build.0 = Debug|Any CPU
		{E4C83C77-367C-4544-885E-F8F6F93379D7}.Debug|x64.ActiveCfg = Debug|Any CPU
		{E4C83C77-367C-4544-885E-F8F6F93379D7}.Debug|x64.Build.0 = Debug|Any CPU
		{E4C83C77-367C-4544-885E-F8F6F93379D7}.Debug|x86.ActiveCfg = Debug|Any CPU
		{E4C83C77-367C-4544-885E-F8F6F93379D7}.Debug|x86.Build.0 = Debug|Any CPU
		{E4C83C77-367C-4544-885E-F8F6F93379D7}.Release|Any CPU.ActiveCfg = Release|Any CPU
		{E4C83C77-367C-4544-885E-F8F6F93379D7}.Release|Any CPU.Build.0 = Release|Any CPU
		{E4C83C77-367C-4544-885E-F8F6F93379D7}.Release|ARM.ActiveCfg = Release|Any CPU
		{E4C83C77-367C-4544-885E-F8F6F93379D7}.Release|ARM.Build.0 = Release|Any CPU
		{E4C83C77-367C-4544-885E-F8F6F93379D7}.Release|iPhone.ActiveCfg = Release|Any CPU
		{E4C83C77-367C-4544-885E-F8F6F93379D7}.Release|iPhone.Build.0 = Release|Any CPU
		{E4C83C77-367C-4544-885E-F8F6F93379D7}.Release|iPhoneSimulator.ActiveCfg = Release|Any CPU
		{E4C83C77-367C-4544-885E-F8F6F93379D7}.Release|iPhoneSimulator.Build.0 = Release|Any CPU
		{E4C83C77-367C-4544-885E-F8F6F93379D7}.Release|x64.ActiveCfg = Release|Any CPU
		{E4C83C77-367C-4544-885E-F8F6F93379D7}.Release|x64.Build.0 = Release|Any CPU
		{E4C83C77-367C-4544-885E-F8F6F93379D7}.Release|x86.ActiveCfg = Release|Any CPU
		{E4C83C77-367C-4544-885E-F8F6F93379D7}.Release|x86.Build.0 = Release|Any CPU
		{7E5DF519-59AD-41C3-AE84-6F7755CE9D0D}.Ad-Hoc|Any CPU.ActiveCfg = Release|Any CPU
		{7E5DF519-59AD-41C3-AE84-6F7755CE9D0D}.Ad-Hoc|Any CPU.Build.0 = Release|Any CPU
		{7E5DF519-59AD-41C3-AE84-6F7755CE9D0D}.Ad-Hoc|ARM.ActiveCfg = Release|Any CPU
		{7E5DF519-59AD-41C3-AE84-6F7755CE9D0D}.Ad-Hoc|ARM.Build.0 = Release|Any CPU
		{7E5DF519-59AD-41C3-AE84-6F7755CE9D0D}.Ad-Hoc|iPhone.ActiveCfg = Release|Any CPU
		{7E5DF519-59AD-41C3-AE84-6F7755CE9D0D}.Ad-Hoc|iPhone.Build.0 = Release|Any CPU
		{7E5DF519-59AD-41C3-AE84-6F7755CE9D0D}.Ad-Hoc|iPhoneSimulator.ActiveCfg = Release|Any CPU
		{7E5DF519-59AD-41C3-AE84-6F7755CE9D0D}.Ad-Hoc|iPhoneSimulator.Build.0 = Release|Any CPU
		{7E5DF519-59AD-41C3-AE84-6F7755CE9D0D}.Ad-Hoc|x64.ActiveCfg = Release|Any CPU
		{7E5DF519-59AD-41C3-AE84-6F7755CE9D0D}.Ad-Hoc|x64.Build.0 = Release|Any CPU
		{7E5DF519-59AD-41C3-AE84-6F7755CE9D0D}.Ad-Hoc|x86.ActiveCfg = Release|Any CPU
		{7E5DF519-59AD-41C3-AE84-6F7755CE9D0D}.Ad-Hoc|x86.Build.0 = Release|Any CPU
		{7E5DF519-59AD-41C3-AE84-6F7755CE9D0D}.AppStore|Any CPU.ActiveCfg = Release|Any CPU
		{7E5DF519-59AD-41C3-AE84-6F7755CE9D0D}.AppStore|Any CPU.Build.0 = Release|Any CPU
		{7E5DF519-59AD-41C3-AE84-6F7755CE9D0D}.AppStore|ARM.ActiveCfg = Release|Any CPU
		{7E5DF519-59AD-41C3-AE84-6F7755CE9D0D}.AppStore|ARM.Build.0 = Release|Any CPU
		{7E5DF519-59AD-41C3-AE84-6F7755CE9D0D}.AppStore|iPhone.ActiveCfg = Release|Any CPU
		{7E5DF519-59AD-41C3-AE84-6F7755CE9D0D}.AppStore|iPhone.Build.0 = Release|Any CPU
		{7E5DF519-59AD-41C3-AE84-6F7755CE9D0D}.AppStore|iPhoneSimulator.ActiveCfg = Release|Any CPU
		{7E5DF519-59AD-41C3-AE84-6F7755CE9D0D}.AppStore|iPhoneSimulator.Build.0 = Release|Any CPU
		{7E5DF519-59AD-41C3-AE84-6F7755CE9D0D}.AppStore|x64.ActiveCfg = Release|Any CPU
		{7E5DF519-59AD-41C3-AE84-6F7755CE9D0D}.AppStore|x64.Build.0 = Release|Any CPU
		{7E5DF519-59AD-41C3-AE84-6F7755CE9D0D}.AppStore|x86.ActiveCfg = Release|Any CPU
		{7E5DF519-59AD-41C3-AE84-6F7755CE9D0D}.AppStore|x86.Build.0 = Release|Any CPU
		{7E5DF519-59AD-41C3-AE84-6F7755CE9D0D}.Debug|Any CPU.ActiveCfg = Debug|Any CPU
		{7E5DF519-59AD-41C3-AE84-6F7755CE9D0D}.Debug|Any CPU.Build.0 = Debug|Any CPU
		{7E5DF519-59AD-41C3-AE84-6F7755CE9D0D}.Debug|ARM.ActiveCfg = Debug|Any CPU
		{7E5DF519-59AD-41C3-AE84-6F7755CE9D0D}.Debug|ARM.Build.0 = Debug|Any CPU
		{7E5DF519-59AD-41C3-AE84-6F7755CE9D0D}.Debug|iPhone.ActiveCfg = Debug|Any CPU
		{7E5DF519-59AD-41C3-AE84-6F7755CE9D0D}.Debug|iPhone.Build.0 = Debug|Any CPU
		{7E5DF519-59AD-41C3-AE84-6F7755CE9D0D}.Debug|iPhoneSimulator.ActiveCfg = Debug|Any CPU
		{7E5DF519-59AD-41C3-AE84-6F7755CE9D0D}.Debug|iPhoneSimulator.Build.0 = Debug|Any CPU
		{7E5DF519-59AD-41C3-AE84-6F7755CE9D0D}.Debug|x64.ActiveCfg = Debug|Any CPU
		{7E5DF519-59AD-41C3-AE84-6F7755CE9D0D}.Debug|x64.Build.0 = Debug|Any CPU
		{7E5DF519-59AD-41C3-AE84-6F7755CE9D0D}.Debug|x86.ActiveCfg = Debug|Any CPU
		{7E5DF519-59AD-41C3-AE84-6F7755CE9D0D}.Debug|x86.Build.0 = Debug|Any CPU
		{7E5DF519-59AD-41C3-AE84-6F7755CE9D0D}.Release|Any CPU.ActiveCfg = Release|Any CPU
		{7E5DF519-59AD-41C3-AE84-6F7755CE9D0D}.Release|Any CPU.Build.0 = Release|Any CPU
		{7E5DF519-59AD-41C3-AE84-6F7755CE9D0D}.Release|ARM.ActiveCfg = Release|Any CPU
		{7E5DF519-59AD-41C3-AE84-6F7755CE9D0D}.Release|ARM.Build.0 = Release|Any CPU
		{7E5DF519-59AD-41C3-AE84-6F7755CE9D0D}.Release|iPhone.ActiveCfg = Release|Any CPU
		{7E5DF519-59AD-41C3-AE84-6F7755CE9D0D}.Release|iPhone.Build.0 = Release|Any CPU
		{7E5DF519-59AD-41C3-AE84-6F7755CE9D0D}.Release|iPhoneSimulator.ActiveCfg = Release|Any CPU
		{7E5DF519-59AD-41C3-AE84-6F7755CE9D0D}.Release|iPhoneSimulator.Build.0 = Release|Any CPU
		{7E5DF519-59AD-41C3-AE84-6F7755CE9D0D}.Release|x64.ActiveCfg = Release|Any CPU
		{7E5DF519-59AD-41C3-AE84-6F7755CE9D0D}.Release|x64.Build.0 = Release|Any CPU
		{7E5DF519-59AD-41C3-AE84-6F7755CE9D0D}.Release|x86.ActiveCfg = Release|Any CPU
		{7E5DF519-59AD-41C3-AE84-6F7755CE9D0D}.Release|x86.Build.0 = Release|Any CPU
	EndGlobalSection
	GlobalSection(SolutionProperties) = preSolution
		HideSolutionNode = FALSE
	EndGlobalSection
	GlobalSection(NestedProjects) = preSolution
		{E4C83C77-367C-4544-885E-F8F6F93379D7} = {86C5248F-68E5-464F-9EBF-9A1A80D3E2F4}
		{7E5DF519-59AD-41C3-AE84-6F7755CE9D0D} = {86C5248F-68E5-464F-9EBF-9A1A80D3E2F4}
	EndGlobalSection
	GlobalSection(ExtensibilityGlobals) = postSolution
		SolutionGuid = {D2D4F26D-0C4E-4883-8D9E-A8476E0DA643}
	EndGlobalSection
EndGlobal
